
Microsoft Visual Studio Solution File, Format Version 12.00
# Visual Studio Version 16
VisualStudioVersion = 16.0.31911.196
MinimumVisualStudioVersion = 10.0.40219.1
Project("{FAE04EC0-301F-11D3-BF4B-00C04F79EFBC}") = "DriveDay-API", "DriveDay-API\DriveDay-API.csproj", "{BC0D449E-83E6-4244-9FCB-C38906FE5FD2}"
EndProject
Global
	GlobalSection(SolutionConfigurationPlatforms) = preSolution
		Debug|Any CPU = Debug|Any CPU
		Release|Any CPU = Release|Any CPU
	EndGlobalSection
	GlobalSection(ProjectConfigurationPlatforms) = postSolution
		{BC0D449E-83E6-4244-9FCB-C38906FE5FD2}.Debug|Any CPU.ActiveCfg = Debug|Any CPU
		{BC0D449E-83E6-4244-9FCB-C38906FE5FD2}.Debug|Any CPU.Build.0 = Debug|Any CPU
		{BC0D449E-83E6-4244-9FCB-C38906FE5FD2}.Release|Any CPU.ActiveCfg = Release|Any CPU
		{BC0D449E-83E6-4244-9FCB-C38906FE5FD2}.Release|Any CPU.Build.0 = Release|Any CPU
	EndGlobalSection
	GlobalSection(SolutionProperties) = preSolution
		HideSolutionNode = FALSE
	EndGlobalSection
	GlobalSection(ExtensibilityGlobals) = postSolution
		SolutionGuid = {21205742-AD04-420D-8AAE-B92A32D1E4F8}
	EndGlobalSection
EndGlobal
